
Microsoft Visual Studio Solution File, Format Version 12.00
# Visual Studio Version 17
VisualStudioVersion = 17.14.36401.2 d17.14
MinimumVisualStudioVersion = 10.0.40219.1
Project("{FAE04EC0-301F-11D3-BF4B-00C04F79EFBC}") = "PollyUsersDemo", "PollyUsersDemo.csproj", "{512C5221-7076-440C-979E-FA07BF503E98}"
EndProject
Global
	GlobalSection(SolutionConfigurationPlatforms) = preSolution
		Debug|Any CPU = Debug|Any CPU
		Release|Any CPU = Release|Any CPU
	EndGlobalSection
	GlobalSection(ProjectConfigurationPlatforms) = postSolution
		{512C5221-7076-440C-979E-FA07BF503E98}.Debug|Any CPU.ActiveCfg = Debug|Any CPU
		{512C5221-7076-440C-979E-FA07BF503E98}.Debug|Any CPU.Build.0 = Debug|Any CPU
		{512C5221-7076-440C-979E-FA07BF503E98}.Release|Any CPU.ActiveCfg = Release|Any CPU
		{512C5221-7076-440C-979E-FA07BF503E98}.Release|Any CPU.Build.0 = Release|Any CPU
	EndGlobalSection
	GlobalSection(SolutionProperties) = preSolution
		HideSolutionNode = FALSE
	EndGlobalSection
	GlobalSection(ExtensibilityGlobals) = postSolution
		SolutionGuid = {F297E148-5A78-47DF-8546-814E1C32CB16}
	EndGlobalSection
EndGlobal
