
Microsoft Visual Studio Solution File, Format Version 12.00
# Visual Studio Version 17
VisualStudioVersion = 17.14.36401.2
MinimumVisualStudioVersion = 10.0.40219.1
Project("{FAE04EC0-301F-11D3-BF4B-00C04F79EFBC}") = "CircuitBreaker", "CircuitBreaker\CircuitBreaker.csproj", "{3008AEBF-361A-71EC-F42C-AB32EF5B54C3}"
EndProject
Project("{FAE04EC0-301F-11D3-BF4B-00C04F79EFBC}") = "CircuitBreaker.AppHost", "CircuitBreaker.AppHost\CircuitBreaker.AppHost.csproj", "{17B687EA-9879-4E06-B9A4-075E22B89393}"
EndProject
Project("{FAE04EC0-301F-11D3-BF4B-00C04F79EFBC}") = "CircuitBreaker.ServiceDefaults", "CircuitBreaker.ServiceDefaults\CircuitBreaker.ServiceDefaults.csproj", "{0105F64B-EA4D-A60D-84AE-8B2FBE7271BF}"
EndProject
Project("{E53339B2-1760-4266-BCC7-CA923CBCF16C}") = "docker-compose", "docker-compose.dcproj", "{81DDED9D-158B-E303-5F62-77A2896D2A5A}"
EndProject
Global
	GlobalSection(SolutionConfigurationPlatforms) = preSolution
		Debug|Any CPU = Debug|Any CPU
		Release|Any CPU = Release|Any CPU
	EndGlobalSection
	GlobalSection(ProjectConfigurationPlatforms) = postSolution
		{3008AEBF-361A-71EC-F42C-AB32EF5B54C3}.Debug|Any CPU.ActiveCfg = Debug|Any CPU
		{3008AEBF-361A-71EC-F42C-AB32EF5B54C3}.Debug|Any CPU.Build.0 = Debug|Any CPU
		{3008AEBF-361A-71EC-F42C-AB32EF5B54C3}.Release|Any CPU.ActiveCfg = Release|Any CPU
		{3008AEBF-361A-71EC-F42C-AB32EF5B54C3}.Release|Any CPU.Build.0 = Release|Any CPU
		{17B687EA-9879-4E06-B9A4-075E22B89393}.Debug|Any CPU.ActiveCfg = Debug|Any CPU
		{17B687EA-9879-4E06-B9A4-075E22B89393}.Debug|Any CPU.Build.0 = Debug|Any CPU
		{17B687EA-9879-4E06-B9A4-075E22B89393}.Release|Any CPU.ActiveCfg = Release|Any CPU
		{17B687EA-9879-4E06-B9A4-075E22B89393}.Release|Any CPU.Build.0 = Release|Any CPU
		{0105F64B-EA4D-A60D-84AE-8B2FBE7271BF}.Debug|Any CPU.ActiveCfg = Debug|Any CPU
		{0105F64B-EA4D-A60D-84AE-8B2FBE7271BF}.Debug|Any CPU.Build.0 = Debug|Any CPU
		{0105F64B-EA4D-A60D-84AE-8B2FBE7271BF}.Release|Any CPU.ActiveCfg = Release|Any CPU
		{0105F64B-EA4D-A60D-84AE-8B2FBE7271BF}.Release|Any CPU.Build.0 = Release|Any CPU
		{81DDED9D-158B-E303-5F62-77A2896D2A5A}.Debug|Any CPU.ActiveCfg = Debug|Any CPU
		{81DDED9D-158B-E303-5F62-77A2896D2A5A}.Debug|Any CPU.Build.0 = Debug|Any CPU
		{81DDED9D-158B-E303-5F62-77A2896D2A5A}.Release|Any CPU.ActiveCfg = Release|Any CPU
		{81DDED9D-158B-E303-5F62-77A2896D2A5A}.Release|Any CPU.Build.0 = Release|Any CPU
	EndGlobalSection
	GlobalSection(SolutionProperties) = preSolution
		HideSolutionNode = FALSE
	EndGlobalSection
	GlobalSection(ExtensibilityGlobals) = postSolution
		SolutionGuid = {A75C5E09-0F7A-46B5-A249-58DDE4F8A42B}
	EndGlobalSection
EndGlobal
